
Microsoft Visual Studio Solution File, Format Version 12.00
# Visual Studio 15
VisualStudioVersion = 15.0.26730.16
MinimumVisualStudioVersion = 10.0.40219.1
Project("{FAE04EC0-301F-11D3-BF4B-00C04F79EFBC}") = "Week6Assessment2", "Week6Assessment2\Week6Assessment2.csproj", "{1BEE7822-2DAC-45F9-818F-6FAD615D61AF}"
EndProject
Global
	GlobalSection(SolutionConfigurationPlatforms) = preSolution
		Debug|Any CPU = Debug|Any CPU
		Release|Any CPU = Release|Any CPU
	EndGlobalSection
	GlobalSection(ProjectConfigurationPlatforms) = postSolution
		{1BEE7822-2DAC-45F9-818F-6FAD615D61AF}.Debug|Any CPU.ActiveCfg = Debug|Any CPU
		{1BEE7822-2DAC-45F9-818F-6FAD615D61AF}.Debug|Any CPU.Build.0 = Debug|Any CPU
		{1BEE7822-2DAC-45F9-818F-6FAD615D61AF}.Release|Any CPU.ActiveCfg = Release|Any CPU
		{1BEE7822-2DAC-45F9-818F-6FAD615D61AF}.Release|Any CPU.Build.0 = Release|Any CPU
	EndGlobalSection
	GlobalSection(SolutionProperties) = preSolution
		HideSolutionNode = FALSE
	EndGlobalSection
	GlobalSection(ExtensibilityGlobals) = postSolution
		SolutionGuid = {2153A7D9-E549-4D00-9AD5-9FD46ECA9385}
	EndGlobalSection
EndGlobal
